Microsoft Visual Studio Solution File, Format Version 12.00
# Visual Studio 15
VisualStudioVersion = 15.0.26228.4
MinimumVisualStudioVersion = 10.0.40219.1
Project("{2150E333-8FDC-42A3-9474-1A3956D46DE8}") = "Solution Items", "Solution Items", "{4686F642-AE8F-410E-AE28-90C52CE0360D}"
EndProject
Project("{9A19103F-16F7-4668-BE54-9A1E7A4F7556}") = "Sannel.House.Generator", "src\Sannel.House.Generator\Sannel.House.Generator.csproj", "{973ED5C1-AE90-4A55-9455-1F888FE9E9CC}"
EndProject
Project("{9A19103F-16F7-4668-BE54-9A1E7A4F7556}") = "Sannel.House.Web.Base", "src\Sannel.House.Web\src\Sannel.House.Web.Base\Sannel.House.Web.Base.csproj", "{58BD23D8-4E51-4FE9-815B-C1558EFB819C}"
EndProject
Global
	GlobalSection(SolutionConfigurationPlatforms) = preSolution
		Debug|Any CPU = Debug|Any CPU
		Release|Any CPU = Release|Any CPU
	EndGlobalSection
	GlobalSection(ProjectConfigurationPlatforms) = postSolution
		{973ED5C1-AE90-4A55-9455-1F888FE9E9CC}.Debug|Any CPU.ActiveCfg = Debug|Any CPU
		{973ED5C1-AE90-4A55-9455-1F888FE9E9CC}.Debug|Any CPU.Build.0 = Debug|Any CPU
		{973ED5C1-AE90-4A55-9455-1F888FE9E9CC}.Release|Any CPU.ActiveCfg = Release|Any CPU
		{973ED5C1-AE90-4A55-9455-1F888FE9E9CC}.Release|Any CPU.Build.0 = Release|Any CPU
		{58BD23D8-4E51-4FE9-815B-C1558EFB819C}.Debug|Any CPU.ActiveCfg = Debug|Any CPU
		{58BD23D8-4E51-4FE9-815B-C1558EFB819C}.Debug|Any CPU.Build.0 = Debug|Any CPU
		{58BD23D8-4E51-4FE9-815B-C1558EFB819C}.Release|Any CPU.ActiveCfg = Release|Any CPU
		{58BD23D8-4E51-4FE9-815B-C1558EFB819C}.Release|Any CPU.Build.0 = Release|Any CPU
	EndGlobalSection
	GlobalSection(SolutionProperties) = preSolution
		HideSolutionNode = FALSE
	EndGlobalSection
EndGlobal
